
Microsoft Visual Studio Solution File, Format Version 12.00
# Visual Studio Version 17
VisualStudioVersion = 17.7.34031.279
MinimumVisualStudioVersion = 10.0.40219.1
Project("{FAE04EC0-301F-11D3-BF4B-00C04F79EFBC}") = "F1-23-Discord-RPC", "F1-23-Discord-RPC.csproj", "{10C4DEB2-C45D-44D4-B3E8-757D7C9C76A3}"
EndProject
Global
	GlobalSection(SolutionConfigurationPlatforms) = preSolution
		Debug|Any CPU = Debug|Any CPU
		Release|Any CPU = Release|Any CPU
	EndGlobalSection
	GlobalSection(ProjectConfigurationPlatforms) = postSolution
		{10C4DEB2-C45D-44D4-B3E8-757D7C9C76A3}.Debug|Any CPU.ActiveCfg = Debug|Any CPU
		{10C4DEB2-C45D-44D4-B3E8-757D7C9C76A3}.Debug|Any CPU.Build.0 = Debug|Any CPU
		{10C4DEB2-C45D-44D4-B3E8-757D7C9C76A3}.Release|Any CPU.ActiveCfg = Release|Any CPU
		{10C4DEB2-C45D-44D4-B3E8-757D7C9C76A3}.Release|Any CPU.Build.0 = Release|Any CPU
	EndGlobalSection
	GlobalSection(SolutionProperties) = preSolution
		HideSolutionNode = FALSE
	EndGlobalSection
	GlobalSection(ExtensibilityGlobals) = postSolution
		SolutionGuid = {10EBEE8A-E409-40F4-B07B-C19F16C31D24}
	EndGlobalSection
EndGlobal
